// !$*UTF8*$!
{
	archiveVersion = 1;
	classes = {
	};
	objectVersion = 56;
	objects = {

/* Begin PBXBuildFile section */
		088FD92C2C00AC740035ABB3 /* AppDelegate.swift in Sources */ = {isa = PBXBuildFile; fileRef = 088FD92B2C00AC740035ABB3 /* AppDelegate.swift */; };
		088FD92E2C00AC740035ABB3 /* SceneDelegate.swift in Sources */ = {isa = PBXBuildFile; fileRef = 088FD92D2C00AC740035ABB3 /* SceneDelegate.swift */; };
		088FD9302C00AC740035ABB3 /* ViewController.swift in Sources */ = {isa = PBXBuildFile; fileRef = 088FD92F2C00AC740035ABB3 /* ViewController.swift */; };
		088FD9352C00AC750035ABB3 /* Assets.xcassets in Resources */ = {isa = PBXBuildFile; fileRef = 088FD9342C00AC750035ABB3 /* Assets.xcassets */; };
		088FD9382C00AC750035ABB3 /* LaunchScreen.storyboard in Resources */ = {isa = PBXBuildFile; fileRef = 088FD9362C00AC750035ABB3 /* LaunchScreen.storyboard */; };
		088FD94C2C00AD610035ABB3 /* SnapKit in Frameworks */ = {isa = PBXBuildFile; productRef = 088FD94B2C00AD610035ABB3 /* SnapKit */; };
		088FD94F2C00B0880035ABB3 /* PasteboardVC.swift in Sources */ = {isa = PBXBuildFile; fileRef = 088FD94E2C00B0880035ABB3 /* PasteboardVC.swift */; };
		088FD9942C00BA320035ABB3 /* RxBlocking in Frameworks */ = {isa = PBXBuildFile; productRef = 088FD9932C00BA320035ABB3 /* RxBlocking */; };
		088FD9982C00BA320035ABB3 /* RxCocoa in Frameworks */ = {isa = PBXBuildFile; productRef = 088FD9972C00BA320035ABB3 /* RxCocoa */; };
		088FD99C2C00BA320035ABB3 /* RxRelay in Frameworks */ = {isa = PBXBuildFile; productRef = 088FD99B2C00BA320035ABB3 /* RxRelay */; };
		088FD9A02C00BA320035ABB3 /* RxSwift in Frameworks */ = {isa = PBXBuildFile; productRef = 088FD99F2C00BA320035ABB3 /* RxSwift */; };
		088FD9AA2C021EE60035ABB3 /* NetworkLayerVC.swift in Sources */ = {isa = PBXBuildFile; fileRef = 088FD9A92C021EE60035ABB3 /* NetworkLayerVC.swift */; };
		088FD9AE2C0223C50035ABB3 /* Endpoint.swift in Sources */ = {isa = PBXBuildFile; fileRef = 088FD9AD2C0223C50035ABB3 /* Endpoint.swift */; };
		088FD9B02C0223EF0035ABB3 /* Responsable.swift in Sources */ = {isa = PBXBuildFile; fileRef = 088FD9AF2C0223EF0035ABB3 /* Responsable.swift */; };
		088FD9B22C0223FE0035ABB3 /* Requestable.swift in Sources */ = {isa = PBXBuildFile; fileRef = 088FD9B12C0223FE0035ABB3 /* Requestable.swift */; };
		088FD9B52C0224200035ABB3 /* NetworkError.swift in Sources */ = {isa = PBXBuildFile; fileRef = 088FD9B42C0224200035ABB3 /* NetworkError.swift */; };
		088FD9B82C02244D0035ABB3 /* Provider.swift in Sources */ = {isa = PBXBuildFile; fileRef = 088FD9B72C02244D0035ABB3 /* Provider.swift */; };
		088FD9BA2C0225AB0035ABB3 /* APIEndpoints.swift in Sources */ = {isa = PBXBuildFile; fileRef = 088FD9B92C0225AB0035ABB3 /* APIEndpoints.swift */; };
		088FD9BC2C0226440035ABB3 /* MovieListResponseDTO.swift in Sources */ = {isa = PBXBuildFile; fileRef = 088FD9BB2C0226440035ABB3 /* MovieListResponseDTO.swift */; };
		088FD9BE2C0226850035ABB3 /* MovieListRequestDTO.swift in Sources */ = {isa = PBXBuildFile; fileRef = 088FD9BD2C0226850035ABB3 /* MovieListRequestDTO.swift */; };
		088FD9C12C045B2A0035ABB3 /* SwiftUIFirstView.swift in Sources */ = {isa = PBXBuildFile; fileRef = 088FD9C02C045B2A0035ABB3 /* SwiftUIFirstView.swift */; };
/* End PBXBuildFile section */

/* Begin PBXFileReference section */
		088FD9282C00AC740035ABB3 /* Laboratory.app */ = {isa = PBXFileReference; explicitFileType = wrapper.application; includeInIndex = 0; path = Laboratory.app; sourceTree = BUILT_PRODUCTS_DIR; };
		088FD92B2C00AC740035ABB3 /* AppDelegate.swift */ = {isa = PBXFileReference; lastKnownFileType = sourcecode.swift; path = AppDelegate.swift; sourceTree = "<group>"; };
		088FD92D2C00AC740035ABB3 /* SceneDelegate.swift */ = {isa = PBXFileReference; lastKnownFileType = sourcecode.swift; path = SceneDelegate.swift; sourceTree = "<group>"; };
		088FD92F2C00AC740035ABB3 /* ViewController.swift */ = {isa = PBXFileReference; lastKnownFileType = sourcecode.swift; path = ViewController.swift; sourceTree = "<group>"; };
		088FD9342C00AC750035ABB3 /* Assets.xcassets */ = {isa = PBXFileReference; lastKnownFileType = folder.assetcatalog; path = Assets.xcassets; sourceTree = "<group>"; };
		088FD9372C00AC750035ABB3 /* Base */ = {isa = PBXFileReference; lastKnownFileType = file.storyboard; name = Base; path = Base.lproj/LaunchScreen.storyboard; sourceTree = "<group>"; };
		088FD9392C00AC750035ABB3 /* Info.plist */ = {isa = PBXFileReference; lastKnownFileType = text.plist.xml; path = Info.plist; sourceTree = "<group>"; };
		088FD94E2C00B0880035ABB3 /* PasteboardVC.swift */ = {isa = PBXFileReference; lastKnownFileType = sourcecode.swift; path = PasteboardVC.swift; sourceTree = "<group>"; };
		088FD9A92C021EE60035ABB3 /* NetworkLayerVC.swift */ = {isa = PBXFileReference; lastKnownFileType = sourcecode.swift; path = NetworkLayerVC.swift; sourceTree = "<group>"; };
		088FD9AD2C0223C50035ABB3 /* Endpoint.swift */ = {isa = PBXFileReference; lastKnownFileType = sourcecode.swift; path = Endpoint.swift; sourceTree = "<group>"; };
		088FD9AF2C0223EF0035ABB3 /* Responsable.swift */ = {isa = PBXFileReference; lastKnownFileType = sourcecode.swift; path = Responsable.swift; sourceTree = "<group>"; };
		088FD9B12C0223FE0035ABB3 /* Requestable.swift */ = {isa = PBXFileReference; lastKnownFileType = sourcecode.swift; path = Requestable.swift; sourceTree = "<group>"; };
		088FD9B42C0224200035ABB3 /* NetworkError.swift */ = {isa = PBXFileReference; lastKnownFileType = sourcecode.swift; path = NetworkError.swift; sourceTree = "<group>"; };
		088FD9B72C02244D0035ABB3 /* Provider.swift */ = {isa = PBXFileReference; lastKnownFileType = sourcecode.swift; path = Provider.swift; sourceTree = "<group>"; };
		088FD9B92C0225AB0035ABB3 /* APIEndpoints.swift */ = {isa = PBXFileReference; lastKnownFileType = sourcecode.swift; path = APIEndpoints.swift; sourceTree = "<group>"; };
		088FD9BB2C0226440035ABB3 /* MovieListResponseDTO.swift */ = {isa = PBXFileReference; lastKnownFileType = sourcecode.swift; path = MovieListResponseDTO.swift; sourceTree = "<group>"; };
		088FD9BD2C0226850035ABB3 /* MovieListRequestDTO.swift */ = {isa = PBXFileReference; lastKnownFileType = sourcecode.swift; path = MovieListRequestDTO.swift; sourceTree = "<group>"; };
		088FD9C02C045B2A0035ABB3 /* SwiftUIFirstView.swift */ = {isa = PBXFileReference; lastKnownFileType = sourcecode.swift; path = SwiftUIFirstView.swift; sourceTree = "<group>"; };
/* End PBXFileReference section */

/* Begin PBXFrameworksBuildPhase section */
		088FD9252C00AC740035ABB3 /* Frameworks */ = {
			isa = PBXFrameworksBuildPhase;
			buildActionMask = 2147483647;
			files = (
				088FD99C2C00BA320035ABB3 /* RxRelay in Frameworks */,
				088FD94C2C00AD610035ABB3 /* SnapKit in Frameworks */,
				088FD9982C00BA320035ABB3 /* RxCocoa in Frameworks */,
				088FD9A02C00BA320035ABB3 /* RxSwift in Frameworks */,
				088FD9942C00BA320035ABB3 /* RxBlocking in Frameworks */,
			);
			runOnlyForDeploymentPostprocessing = 0;
		};
/* End PBXFrameworksBuildPhase section */

/* Begin PBXGroup section */
		088FD91F2C00AC740035ABB3 = {
			isa = PBXGroup;
			children = (
				088FD92A2C00AC740035ABB3 /* Laboratory */,
				088FD9292C00AC740035ABB3 /* Products */,
				088FD95A2C00B8200035ABB3 /* Frameworks */,
			);
			sourceTree = "<group>";
		};
		088FD9292C00AC740035ABB3 /* Products */ = {
			isa = PBXGroup;
			children = (
				088FD9282C00AC740035ABB3 /* Laboratory.app */,
			);
			name = Products;
			sourceTree = "<group>";
		};
		088FD92A2C00AC740035ABB3 /* Laboratory */ = {
			isa = PBXGroup;
			children = (
				088FD92B2C00AC740035ABB3 /* AppDelegate.swift */,
				088FD92D2C00AC740035ABB3 /* SceneDelegate.swift */,
				088FD92F2C00AC740035ABB3 /* ViewController.swift */,
				088FD94D2C00B06F0035ABB3 /* Feature List */,
				088FD9342C00AC750035ABB3 /* Assets.xcassets */,
				088FD9362C00AC750035ABB3 /* LaunchScreen.storyboard */,
				088FD9392C00AC750035ABB3 /* Info.plist */,
			);
			path = Laboratory;
			sourceTree = "<group>";
		};
		088FD94D2C00B06F0035ABB3 /* Feature List */ = {
			isa = PBXGroup;
			children = (
				088FD9A72C021CA40035ABB3 /* UIPasteboard */,
				088FD9A82C021EC20035ABB3 /* NetworkLayer */,
				088FD9BF2C045ACA0035ABB3 /* SwiftUI */,
			);
			path = "Feature List";
			sourceTree = "<group>";
		};
		088FD95A2C00B8200035ABB3 /* Frameworks */ = {
			isa = PBXGroup;
			children = (
			);
			name = Frameworks;
			sourceTree = "<group>";
		};
		088FD9A72C021CA40035ABB3 /* UIPasteboard */ = {
			isa = PBXGroup;
			children = (
				088FD94E2C00B0880035ABB3 /* PasteboardVC.swift */,
			);
			path = UIPasteboard;
			sourceTree = "<group>";
		};
		088FD9A82C021EC20035ABB3 /* NetworkLayer */ = {
			isa = PBXGroup;
			children = (
				088FD9A92C021EE60035ABB3 /* NetworkLayerVC.swift */,
				088FD9AB2C0220000035ABB3 /* Network */,
			);
			path = NetworkLayer;
			sourceTree = "<group>";
		};
		088FD9AB2C0220000035ABB3 /* Network */ = {
			isa = PBXGroup;
			children = (
				088FD9B62C0224390035ABB3 /* Provider */,
				088FD9B32C02240F0035ABB3 /* Common */,
				088FD9AC2C0223B20035ABB3 /* Endpoint */,
				088FD9B92C0225AB0035ABB3 /* APIEndpoints.swift */,
				088FD9BB2C0226440035ABB3 /* MovieListResponseDTO.swift */,
				088FD9BD2C0226850035ABB3 /* MovieListRequestDTO.swift */,
			);
			path = Network;
			sourceTree = "<group>";
		};
		088FD9AC2C0223B20035ABB3 /* Endpoint */ = {
			isa = PBXGroup;
			children = (
				088FD9AD2C0223C50035ABB3 /* Endpoint.swift */,
				088FD9AF2C0223EF0035ABB3 /* Responsable.swift */,
				088FD9B12C0223FE0035ABB3 /* Requestable.swift */,
			);
			path = Endpoint;
			sourceTree = "<group>";
		};
		088FD9B32C02240F0035ABB3 /* Common */ = {
			isa = PBXGroup;
			children = (
				088FD9B42C0224200035ABB3 /* NetworkError.swift */,
			);
			path = Common;
			sourceTree = "<group>";
		};
		088FD9B62C0224390035ABB3 /* Provider */ = {
			isa = PBXGroup;
			children = (
				088FD9B72C02244D0035ABB3 /* Provider.swift */,
			);
			path = Provider;
			sourceTree = "<group>";
		};
		088FD9BF2C045ACA0035ABB3 /* SwiftUI */ = {
			isa = PBXGroup;
			children = (
				088FD9C02C045B2A0035ABB3 /* SwiftUIFirstView.swift */,
			);
			path = SwiftUI;
			sourceTree = "<group>";
		};
/* End PBXGroup section */

/* Begin PBXNativeTarget section */
		088FD9272C00AC740035ABB3 /* Laboratory */ = {
			isa = PBXNativeTarget;
			buildConfigurationList = 088FD93C2C00AC750035ABB3 /* Build configuration list for PBXNativeTarget "Laboratory" */;
			buildPhases = (
				088FD9242C00AC740035ABB3 /* Sources */,
				088FD9252C00AC740035ABB3 /* Frameworks */,
				088FD9262C00AC740035ABB3 /* Resources */,
			);
			buildRules = (
			);
			dependencies = (
			);
			name = Laboratory;
			packageProductDependencies = (
				088FD94B2C00AD610035ABB3 /* SnapKit */,
				088FD9932C00BA320035ABB3 /* RxBlocking */,
				088FD9972C00BA320035ABB3 /* RxCocoa */,
				088FD99B2C00BA320035ABB3 /* RxRelay */,
				088FD99F2C00BA320035ABB3 /* RxSwift */,
			);
			productName = Laboratory;
			productReference = 088FD9282C00AC740035ABB3 /* Laboratory.app */;
			productType = "com.apple.product-type.application";
		};
/* End PBXNativeTarget section */

/* Begin PBXProject section */
		088FD9202C00AC740035ABB3 /* Project object */ = {
			isa = PBXProject;
			attributes = {
				BuildIndependentTargetsInParallel = 1;
				LastSwiftUpdateCheck = 1500;
				LastUpgradeCheck = 1500;
				TargetAttributes = {
					088FD9272C00AC740035ABB3 = {
						CreatedOnToolsVersion = 15.0;
					};
				};
			};
			buildConfigurationList = 088FD9232C00AC740035ABB3 /* Build configuration list for PBXProject "Laboratory" */;
			compatibilityVersion = "Xcode 14.0";
			developmentRegion = en;
			hasScannedForEncodings = 0;
			knownRegions = (
				en,
				Base,
			);
			mainGroup = 088FD91F2C00AC740035ABB3;
			packageReferences = (
				088FD94A2C00AD610035ABB3 /* XCRemoteSwiftPackageReference "SnapKit" */,
				088FD9922C00BA320035ABB3 /* XCRemoteSwiftPackageReference "RxSwift" */,
			);
			productRefGroup = 088FD9292C00AC740035ABB3 /* Products */;
			projectDirPath = "";
			projectRoot = "";
			targets = (
				088FD9272C00AC740035ABB3 /* Laboratory */,
			);
		};
/* End PBXProject section */

/* Begin PBXResourcesBuildPhase section */
		088FD9262C00AC740035ABB3 /* Resources */ = {
			isa = PBXResourcesBuildPhase;
			buildActionMask = 2147483647;
			files = (
				088FD9382C00AC750035ABB3 /* LaunchScreen.storyboard in Resources */,
				088FD9352C00AC750035ABB3 /* Assets.xcassets in Resources */,
			);
			runOnlyForDeploymentPostprocessing = 0;
		};
/* End PBXResourcesBuildPhase section */

/* Begin PBXSourcesBuildPhase section */
		088FD9242C00AC740035ABB3 /* Sources */ = {
			isa = PBXSourcesBuildPhase;
			buildActionMask = 2147483647;
			files = (
				088FD9B02C0223EF0035ABB3 /* Responsable.swift in Sources */,
				088FD9C12C045B2A0035ABB3 /* SwiftUIFirstView.swift in Sources */,
				088FD9B22C0223FE0035ABB3 /* Requestable.swift in Sources */,
				088FD9AA2C021EE60035ABB3 /* NetworkLayerVC.swift in Sources */,
				088FD9BC2C0226440035ABB3 /* MovieListResponseDTO.swift in Sources */,
				088FD9BA2C0225AB0035ABB3 /* APIEndpoints.swift in Sources */,
				088FD9302C00AC740035ABB3 /* ViewController.swift in Sources */,
				088FD92C2C00AC740035ABB3 /* AppDelegate.swift in Sources */,
				088FD9BE2C0226850035ABB3 /* MovieListRequestDTO.swift in Sources */,
				088FD92E2C00AC740035ABB3 /* SceneDelegate.swift in Sources */,
				088FD9B52C0224200035ABB3 /* NetworkError.swift in Sources */,
				088FD9AE2C0223C50035ABB3 /* Endpoint.swift in Sources */,
				088FD9B82C02244D0035ABB3 /* Provider.swift in Sources */,
				088FD94F2C00B0880035ABB3 /* PasteboardVC.swift in Sources */,
			);
			runOnlyForDeploymentPostprocessing = 0;
		};
/* End PBXSourcesBuildPhase section */

/* Begin PBXVariantGroup section */
		088FD9362C00AC750035ABB3 /* LaunchScreen.storyboard */ = {
			isa = PBXVariantGroup;
			children = (
				088FD9372C00AC750035ABB3 /* Base */,
			);
			name = LaunchScreen.storyboard;
			sourceTree = "<group>";
		};
/* End PBXVariantGroup section */

/* Begin XCBuildConfiguration section */
		088FD93A2C00AC750035ABB3 /* Debug */ = {
			isa = XCBuildConfiguration;
			buildSettings = {
				ALWAYS_SEARCH_USER_PATHS = NO;
				ASSETCATALOG_COMPILER_GENERATE_SWIFT_ASSET_SYMBOL_EXTENSIONS = YES;
				CLANG_ANALYZER_NONNULL = YES;
				CLANG_ANALYZER_NUMBER_OBJECT_CONVERSION = YES_AGGRESSIVE;
				CLANG_CXX_LANGUAGE_STANDARD = "gnu++20";
				CLANG_ENABLE_MODULES = YES;
				CLANG_ENABLE_OBJC_ARC = YES;
				CLANG_ENABLE_OBJC_WEAK = YES;
				CLANG_WARN_BLOCK_CAPTURE_AUTORELEASING = YES;
				CLANG_WARN_BOOL_CONVERSION = YES;
				CLANG_WARN_COMMA = YES;
				CLANG_WARN_CONSTANT_CONVERSION = YES;
				CLANG_WARN_DEPRECATED_OBJC_IMPLEMENTATIONS = YES;
				CLANG_WARN_DIRECT_OBJC_ISA_USAGE = YES_ERROR;
				CLANG_WARN_DOCUMENTATION_COMMENTS = YES;
				CLANG_WARN_EMPTY_BODY = YES;
				CLANG_WARN_ENUM_CONVERSION = YES;
				CLANG_WARN_INFINITE_RECURSION = YES;
				CLANG_WARN_INT_CONVERSION = YES;
				CLANG_WARN_NON_LITERAL_NULL_CONVERSION = YES;
				CLANG_WARN_OBJC_IMPLICIT_RETAIN_SELF = YES;
				CLANG_WARN_OBJC_LITERAL_CONVERSION = YES;
				CLANG_WARN_OBJC_ROOT_CLASS = YES_ERROR;
				CLANG_WARN_QUOTED_INCLUDE_IN_FRAMEWORK_HEADER = YES;
				CLANG_WARN_RANGE_LOOP_ANALYSIS = YES;
				CLANG_WARN_STRICT_PROTOTYPES = YES;
				CLANG_WARN_SUSPICIOUS_MOVE = YES;
				CLANG_WARN_UNGUARDED_AVAILABILITY = YES_AGGRESSIVE;
				CLANG_WARN_UNREACHABLE_CODE = YES;
				CLANG_WARN__DUPLICATE_METHOD_MATCH = YES;
				COPY_PHASE_STRIP = NO;
				DEBUG_INFORMATION_FORMAT = dwarf;
				ENABLE_STRICT_OBJC_MSGSEND = YES;
				ENABLE_TESTABILITY = YES;
				ENABLE_USER_SCRIPT_SANDBOXING = YES;
				GCC_C_LANGUAGE_STANDARD = gnu17;
				GCC_DYNAMIC_NO_PIC = NO;
				GCC_NO_COMMON_BLOCKS = YES;
				GCC_OPTIMIZATION_LEVEL = 0;
				GCC_PREPROCESSOR_DEFINITIONS = (
					"DEBUG=1",
					"$(inherited)",
				);
				GCC_WARN_64_TO_32_BIT_CONVERSION = YES;
				GCC_WARN_ABOUT_RETURN_TYPE = YES_ERROR;
				GCC_WARN_UNDECLARED_SELECTOR = YES;
				GCC_WARN_UNINITIALIZED_AUTOS = YES_AGGRESSIVE;
				GCC_WARN_UNUSED_FUNCTION = YES;
				GCC_WARN_UNUSED_VARIABLE = YES;
				IPHONEOS_DEPLOYMENT_TARGET = 17.0;
				LOCALIZATION_PREFERS_STRING_CATALOGS = YES;
				MTL_ENABLE_DEBUG_INFO = INCLUDE_SOURCE;
				MTL_FAST_MATH = YES;
				ONLY_ACTIVE_ARCH = YES;
				SDKROOT = iphoneos;
				SWIFT_ACTIVE_COMPILATION_CONDITIONS = "DEBUG $(inherited)";
				SWIFT_OPTIMIZATION_LEVEL = "-Onone";
			};
			name = Debug;
		};
		088FD93B2C00AC750035ABB3 /* Release */ = {
			isa = XCBuildConfiguration;
			buildSettings = {
				ALWAYS_SEARCH_USER_PATHS = NO;
				ASSETCATALOG_COMPILER_GENERATE_SWIFT_ASSET_SYMBOL_EXTENSIONS = YES;
				CLANG_ANALYZER_NONNULL = YES;
				CLANG_ANALYZER_NUMBER_OBJECT_CONVERSION = YES_AGGRESSIVE;
				CLANG_CXX_LANGUAGE_STANDARD = "gnu++20";
				CLANG_ENABLE_MODULES = YES;
				CLANG_ENABLE_OBJC_ARC = YES;
				CLANG_ENABLE_OBJC_WEAK = YES;
				CLANG_WARN_BLOCK_CAPTURE_AUTORELEASING = YES;
				CLANG_WARN_BOOL_CONVERSION = YES;
				CLANG_WARN_COMMA = YES;
				CLANG_WARN_CONSTANT_CONVERSION = YES;
				CLANG_WARN_DEPRECATED_OBJC_IMPLEMENTATIONS = YES;
				CLANG_WARN_DIRECT_OBJC_ISA_USAGE = YES_ERROR;
				CLANG_WARN_DOCUMENTATION_COMMENTS = YES;
				CLANG_WARN_EMPTY_BODY = YES;
				CLANG_WARN_ENUM_CONVERSION = YES;
				CLANG_WARN_INFINITE_RECURSION = YES;
				CLANG_WARN_INT_CONVERSION = YES;
				CLANG_WARN_NON_LITERAL_NULL_CONVERSION = YES;
				CLANG_WARN_OBJC_IMPLICIT_RETAIN_SELF = YES;
				CLANG_WARN_OBJC_LITERAL_CONVERSION = YES;
				CLANG_WARN_OBJC_ROOT_CLASS = YES_ERROR;
				CLANG_WARN_QUOTED_INCLUDE_IN_FRAMEWORK_HEADER = YES;
				CLANG_WARN_RANGE_LOOP_ANALYSIS = YES;
				CLANG_WARN_STRICT_PROTOTYPES = YES;
				CLANG_WARN_SUSPICIOUS_MOVE = YES;
				CLANG_WARN_UNGUARDED_AVAILABILITY = YES_AGGRESSIVE;
				CLANG_WARN_UNREACHABLE_CODE = YES;
				CLANG_WARN__DUPLICATE_METHOD_MATCH = YES;
				COPY_PHASE_STRIP = NO;
				DEBUG_INFORMATION_FORMAT = "dwarf-with-dsym";
				ENABLE_NS_ASSERTIONS = NO;
				ENABLE_STRICT_OBJC_MSGSEND = YES;
				ENABLE_USER_SCRIPT_SANDBOXING = YES;
				GCC_C_LANGUAGE_STANDARD = gnu17;
				GCC_NO_COMMON_BLOCKS = YES;
				GCC_WARN_64_TO_32_BIT_CONVERSION = YES;
				GCC_WARN_ABOUT_RETURN_TYPE = YES_ERROR;
				GCC_WARN_UNDECLARED_SELECTOR = YES;
				GCC_WARN_UNINITIALIZED_AUTOS = YES_AGGRESSIVE;
				GCC_WARN_UNUSED_FUNCTION = YES;
				GCC_WARN_UNUSED_VARIABLE = YES;
				IPHONEOS_DEPLOYMENT_TARGET = 17.0;
				LOCALIZATION_PREFERS_STRING_CATALOGS = YES;
				MTL_ENABLE_DEBUG_INFO = NO;
				MTL_FAST_MATH = YES;
				SDKROOT = iphoneos;
				SWIFT_COMPILATION_MODE = wholemodule;
				VALIDATE_PRODUCT = YES;
			};
			name = Release;
		};
		088FD93D2C00AC750035ABB3 /* Debug */ = {
			isa = XCBuildConfiguration;
			buildSettings = {
				ASSETCATALOG_COMPILER_APPICON_NAME = AppIcon;
				ASSETCATALOG_COMPILER_GLOBAL_ACCENT_COLOR_NAME = AccentColor;
				CODE_SIGN_STYLE = Automatic;
				CURRENT_PROJECT_VERSION = 1;
				DEVELOPMENT_TEAM = W5QTRMS954;
				GENERATE_INFOPLIST_FILE = YES;
				INFOPLIST_FILE = Laboratory/Info.plist;
				INFOPLIST_KEY_UIApplicationSupportsIndirectInputEvents = YES;
				INFOPLIST_KEY_UILaunchStoryboardName = LaunchScreen;
				INFOPLIST_KEY_UISupportedInterfaceOrientations_iPad = "UIInterfaceOrientationPortrait UIInterfaceOrientationPortraitUpsideDown UIInterfaceOrientationLandscapeLeft UIInterfaceOrientationLandscapeRight";
				INFOPLIST_KEY_UISupportedInterfaceOrientations_iPhone = "UIInterfaceOrientationPortrait UIInterfaceOrientationLandscapeLeft UIInterfaceOrientationLandscapeRight";
				LD_RUNPATH_SEARCH_PATHS = (
					"$(inherited)",
					"@executable_path/Frameworks",
				);
				MARKETING_VERSION = 1.0;
				PRODUCT_BUNDLE_IDENTIFIER = com.donggle.Laboratory;
				PRODUCT_NAME = "$(TARGET_NAME)";
				SWIFT_EMIT_LOC_STRINGS = YES;
				SWIFT_VERSION = 5.0;
				TARGETED_DEVICE_FAMILY = "1,2";
			};
			name = Debug;
		};
		088FD93E2C00AC750035ABB3 /* Release */ = {
			isa = XCBuildConfiguration;
			buildSettings = {
				ASSETCATALOG_COMPILER_APPICON_NAME = AppIcon;
				ASSETCATALOG_COMPILER_GLOBAL_ACCENT_COLOR_NAME = AccentColor;
				CODE_SIGN_STYLE = Automatic;
				CURRENT_PROJECT_VERSION = 1;
				DEVELOPMENT_TEAM = W5QTRMS954;
				GENERATE_INFOPLIST_FILE = YES;
				INFOPLIST_FILE = Laboratory/Info.plist;
				INFOPLIST_KEY_UIApplicationSupportsIndirectInputEvents = YES;
				INFOPLIST_KEY_UILaunchStoryboardName = LaunchScreen;
				INFOPLIST_KEY_UISupportedInterfaceOrientations_iPad = "UIInterfaceOrientationPortrait UIInterfaceOrientationPortraitUpsideDown UIInterfaceOrientationLandscapeLeft UIInterfaceOrientationLandscapeRight";
				INFOPLIST_KEY_UISupportedInterfaceOrientations_iPhone = "UIInterfaceOrientationPortrait UIInterfaceOrientationLandscapeLeft UIInterfaceOrientationLandscapeRight";
				LD_RUNPATH_SEARCH_PATHS = (
					"$(inherited)",
					"@executable_path/Frameworks",
				);
				MARKETING_VERSION = 1.0;
				PRODUCT_BUNDLE_IDENTIFIER = com.donggle.Laboratory;
				PRODUCT_NAME = "$(TARGET_NAME)";
				SWIFT_EMIT_LOC_STRINGS = YES;
				SWIFT_VERSION = 5.0;
				TARGETED_DEVICE_FAMILY = "1,2";
			};
			name = Release;
		};
/* End XCBuildConfiguration section */

/* Begin XCConfigurationList section */
		088FD9232C00AC740035ABB3 /* Build configuration list for PBXProject "Laboratory" */ = {
			isa = XCConfigurationList;
			buildConfigurations = (
				088FD93A2C00AC750035ABB3 /* Debug */,
				088FD93B2C00AC750035ABB3 /* Release */,
			);
			defaultConfigurationIsVisible = 0;
			defaultConfigurationName = Release;
		};
		088FD93C2C00AC750035ABB3 /* Build configuration list for PBXNativeTarget "Laboratory" */ = {
			isa = XCConfigurationList;
			buildConfigurations = (
				088FD93D2C00AC750035ABB3 /* Debug */,
				088FD93E2C00AC750035ABB3 /* Release */,
			);
			defaultConfigurationIsVisible = 0;
			defaultConfigurationName = Release;
		};
/* End XCConfigurationList section */

/* Begin XCRemoteSwiftPackageReference section */
		088FD94A2C00AD610035ABB3 /* XCRemoteSwiftPackageReference "SnapKit" */ = {
			isa = XCRemoteSwiftPackageReference;
			repositoryURL = "https://github.com/SnapKit/SnapKit.git";
			requirement = {
				kind = upToNextMajorVersion;
				minimumVersion = 5.7.1;
			};
		};
		088FD9922C00BA320035ABB3 /* XCRemoteSwiftPackageReference "RxSwift" */ = {
			isa = XCRemoteSwiftPackageReference;
			repositoryURL = "https://github.com/ReactiveX/RxSwift";
			requirement = {
				kind = upToNextMajorVersion;
				minimumVersion = 6.7.1;
			};
		};
/* End XCRemoteSwiftPackageReference section */

/* Begin XCSwiftPackageProductDependency section */
		088FD94B2C00AD610035ABB3 /* SnapKit */ = {
			isa = XCSwiftPackageProductDependency;
			package = 088FD94A2C00AD610035ABB3 /* XCRemoteSwiftPackageReference "SnapKit" */;
			productName = SnapKit;
		};
		088FD9932C00BA320035ABB3 /* RxBlocking */ = {
			isa = XCSwiftPackageProductDependency;
			package = 088FD9922C00BA320035ABB3 /* XCRemoteSwiftPackageReference "RxSwift" */;
			productName = RxBlocking;
		};
		088FD9972C00BA320035ABB3 /* RxCocoa */ = {
			isa = XCSwiftPackageProductDependency;
			package = 088FD9922C00BA320035ABB3 /* XCRemoteSwiftPackageReference "RxSwift" */;
			productName = RxCocoa;
		};
		088FD99B2C00BA320035ABB3 /* RxRelay */ = {
			isa = XCSwiftPackageProductDependency;
			package = 088FD9922C00BA320035ABB3 /* XCRemoteSwiftPackageReference "RxSwift" */;
			productName = RxRelay;
		};
		088FD99F2C00BA320035ABB3 /* RxSwift */ = {
			isa = XCSwiftPackageProductDependency;
			package = 088FD9922C00BA320035ABB3 /* XCRemoteSwiftPackageReference "RxSwift" */;
			productName = RxSwift;
		};
/* End XCSwiftPackageProductDependency section */
	};
	rootObject = 088FD9202C00AC740035ABB3 /* Project object */;
}
